{
    "_meta": {
        "hash": {
            "sha256": "0c6a6f62a1c79c2bd6bb858101f419c6a6ee312fbfc159428802e69037c61d69"
        },
        "pipfile-spec": 6,
        "requires": {
            "python_version": "3.11"
        },
        "sources": [
            {
                "name": "pypi",
                "url": "https://pypi.org/simple",
                "verify_ssl": true
            }
        ]
    },
    "default": {
        "gpxpy": {
            "hashes": [
                "sha256:e6993a8945eae07a833cd304b88bbc6c3c132d63b2bf4a9b0a5d9097616b8708"
            ],
            "index": "pypi",
            "markers": "python_version >= '3.6'",
            "version": "==1.5.0"
        }
    },
    "develop": {}
}
